PODS:
  - CocoaLumberjack (1.7.0):
    - CocoaLumberjack/Core (= 1.7.0)
    - CocoaLumberjack/Extensions (= 1.7.0)
  - CocoaLumberjack/Core (1.7.0)
  - CocoaLumberjack/Extensions (1.7.0):
    - CocoaLumberjack/Core
  - DTCoreText (1.6.14):
    - DTFoundation/Core (~> 1.7.1)
    - DTFoundation/DTAnimatedGIF (~> 1.7.1)
    - DTFoundation/DTHTMLParser (~> 1.7.1)
    - DTFoundation/UIKit (~> 1.7.1)
  - DTFoundation/Core (1.7.4)
  - DTFoundation/DTAnimatedGIF (1.7.4)
  - DTFoundation/DTHTMLParser (1.7.4):
    - DTFoundation/Core
  - DTFoundation/UIKit (1.7.4):
    - DTFoundation/Core
  - FXImageView (1.3.5)
  - Mixpanel (2.7.2):
    - Mixpanel/MPCategoryHelpers (= 2.7.2)
  - Mixpanel/MPCategoryHelpers (2.7.2)
  - Reachability (3.1.1)
  - VKFoundation (0.1.1):
    - CocoaLumberjack (~> 1.7.0)
    - DTCoreText (~> 1.6.11)
    - FXImageView (~> 1.3.3)
    - Reachability (~> 3.1.1)
  - VKVideoPlayer (0.1.4):
    - CocoaLumberjack (~> 1.7.0)
    - DTCoreText (~> 1.6.11)
    - VKFoundation (= 0.1.1)

DEPENDENCIES:
  - Mixpanel
  - VKVideoPlayer

SPEC CHECKSUMS:
  CocoaLumberjack: 744856111d9431252611e696ea460ffe36fdc5ae
  DTCoreText: 1fc0aadfa238d14c6cc56035af4e2b76b958e3b1
  DTFoundation: 721a63964fb9acd64cb8c9d3d1642ee60bac3d6a
  FXImageView: be49853e2f7ac281ad9312ead922edafa19cdd5c
  Mixpanel: def38b9e600f101686b8d647e05660a72c089c65
  Reachability: 8e9635e3cb4f98e7f825e51147f677ecc694d0e7
  VKFoundation: 39b420ace3adc7aedcd98f84b71500ced0f6f5e1
  VKVideoPlayer: 87e52d0d4b3045fc1b9714135e83233bb86479bb

COCOAPODS: 0.36.0.beta.1
