// !$*UTF8*$!
{
	archiveVersion = 1;
	classes = {
	};
	objectVersion = 46;
	objects = {

/* Begin PBXBuildFile section */
		4269DA9790E39DBF4C98D3BA /* libPods.a in Frameworks */ = {isa = PBXBuildFile; fileRef = 92685069D78F6325C15CE910 /* libPods.a */; };
		52725F901A8732EB0012D191 /* AppDelegate.swift in Sources */ = {isa = PBXBuildFile; fileRef = 52725F8F1A8732EB0012D191 /* AppDelegate.swift */; };
		52725F931A8732EB0012D191 /* Moment.xcdatamodeld in Sources */ = {isa = PBXBuildFile; fileRef = 52725F911A8732EB0012D191 /* Moment.xcdatamodeld */; };
		52725F9A1A8732EB0012D191 /* Images.xcassets in Resources */ = {isa = PBXBuildFile; fileRef = 52725F991A8732EB0012D191 /* Images.xcassets */; };
		52725FA91A8732EB0012D191 /* MomentTests.swift in Sources */ = {isa = PBXBuildFile; fileRef = 52725FA81A8732EB0012D191 /* MomentTests.swift */; };
		52A4BA871A87397500BD1957 /* Moments.swift in Sources */ = {isa = PBXBuildFile; fileRef = 52A4BA861A87397500BD1957 /* Moments.swift */; };
/* End PBXBuildFile section */

/* Begin PBXContainerItemProxy section */
		52725FA31A8732EB0012D191 /* PBXContainerItemProxy */ = {
			isa = PBXContainerItemProxy;
			containerPortal = 52725F821A8732EB0012D191 /* Project object */;
			proxyType = 1;
			remoteGlobalIDString = 52725F891A8732EB0012D191;
			remoteInfo = Moment;
		};
/* End PBXContainerItemProxy section */

/* Begin PBXFileReference section */
		52725F8A1A8732EB0012D191 /* Moment.app */ = {isa = PBXFileReference; explicitFileType = wrapper.application; includeInIndex = 0; path = Moment.app; sourceTree = BUILT_PRODUCTS_DIR; };
		52725F8E1A8732EB0012D191 /* Info.plist */ = {isa = PBXFileReference; lastKnownFileType = text.plist.xml; path = Info.plist; sourceTree = "<group>"; };
		52725F8F1A8732EB0012D191 /* AppDelegate.swift */ = {isa = PBXFileReference; lastKnownFileType = sourcecode.swift; path = AppDelegate.swift; sourceTree = "<group>"; };
		52725F921A8732EB0012D191 /* Moment.xcdatamodel */ = {isa = PBXFileReference; lastKnownFileType = wrapper.xcdatamodel; path = Moment.xcdatamodel; sourceTree = "<group>"; };
		52725F991A8732EB0012D191 /* Images.xcassets */ = {isa = PBXFileReference; lastKnownFileType = folder.assetcatalog; path = Images.xcassets; sourceTree = "<group>"; };
		52725FA21A8732EB0012D191 /* MomentTests.xctest */ = {isa = PBXFileReference; explicitFileType = wrapper.cfbundle; includeInIndex = 0; path = MomentTests.xctest; sourceTree = BUILT_PRODUCTS_DIR; };
		52725FA71A8732EB0012D191 /* Info.plist */ = {isa = PBXFileReference; lastKnownFileType = text.plist.xml; path = Info.plist; sourceTree = "<group>"; };
		52725FA81A8732EB0012D191 /* MomentTests.swift */ = {isa = PBXFileReference; lastKnownFileType = sourcecode.swift; path = MomentTests.swift; sourceTree = "<group>"; };
		5289F5D51A874E96005EAA64 /* FFmpeg.framework */ = {isa = PBXFileReference; lastKnownFileType = wrapper.framework; name = FFmpeg.framework; path = "Pods/build/Debug-iphoneos/Pods/FFmpeg.framework"; sourceTree = "<group>"; };
		529A46741A8753E40018D6A4 /* Bridge.h */ = {isa = PBXFileReference; lastKnownFileType = sourcecode.c.h; path = Bridge.h; sourceTree = "<group>"; };
		52A4BA861A87397500BD1957 /* Moments.swift */ = {isa = PBXFileReference; fileEncoding = 4; lastKnownFileType = sourcecode.swift; path = Moments.swift; sourceTree = "<group>"; };
		7101FFB2EBE680D6FB1A9A77 /* Pods.debug.xcconfig */ = {isa = PBXFileReference; includeInIndex = 1; lastKnownFileType = text.xcconfig; name = Pods.debug.xcconfig; path = "Pods/Target Support Files/Pods/Pods.debug.xcconfig"; sourceTree = "<group>"; };
		92685069D78F6325C15CE910 /* libPods.a */ = {isa = PBXFileReference; explicitFileType = archive.ar; includeInIndex = 0; path = libPods.a; sourceTree = BUILT_PRODUCTS_DIR; };
		F79DA7E531BAF48CD51A732D /* Pods.release.xcconfig */ = {isa = PBXFileReference; includeInIndex = 1; lastKnownFileType = text.xcconfig; name = Pods.release.xcconfig; path = "Pods/Target Support Files/Pods/Pods.release.xcconfig"; sourceTree = "<group>"; };
/* End PBXFileReference section */

/* Begin PBXFrameworksBuildPhase section */
		52725F871A8732EB0012D191 /* Frameworks */ = {
			isa = PBXFrameworksBuildPhase;
			buildActionMask = 2147483647;
			files = (
				4269DA9790E39DBF4C98D3BA /* libPods.a in Frameworks */,
			);
			runOnlyForDeploymentPostprocessing = 0;
		};
		52725F9F1A8732EB0012D191 /* Frameworks */ = {
			isa = PBXFrameworksBuildPhase;
			buildActionMask = 2147483647;
			files = (
			);
			runOnlyForDeploymentPostprocessing = 0;
		};
/* End PBXFrameworksBuildPhase section */

/* Begin PBXGroup section */
		52725F811A8732EB0012D191 = {
			isa = PBXGroup;
			children = (
				52725F8C1A8732EB0012D191 /* Moment */,
				52725FA51A8732EB0012D191 /* MomentTests */,
				52725F8B1A8732EB0012D191 /* Products */,
				A97BFD5E448EC9F5BB26B174 /* Pods */,
				D5E7255D877384EC97F2A885 /* Frameworks */,
			);
			sourceTree = "<group>";
		};
		52725F8B1A8732EB0012D191 /* Products */ = {
			isa = PBXGroup;
			children = (
				52725F8A1A8732EB0012D191 /* Moment.app */,
				52725FA21A8732EB0012D191 /* MomentTests.xctest */,
			);
			name = Products;
			sourceTree = "<group>";
		};
		52725F8C1A8732EB0012D191 /* Moment */ = {
			isa = PBXGroup;
			children = (
				52A4BA861A87397500BD1957 /* Moments.swift */,
				529A46741A8753E40018D6A4 /* Bridge.h */,
				52725F8F1A8732EB0012D191 /* AppDelegate.swift */,
				52725F991A8732EB0012D191 /* Images.xcassets */,
				52725F911A8732EB0012D191 /* Moment.xcdatamodeld */,
				52725F8D1A8732EB0012D191 /* Supporting Files */,
			);
			path = Moment;
			sourceTree = "<group>";
		};
		52725F8D1A8732EB0012D191 /* Supporting Files */ = {
			isa = PBXGroup;
			children = (
				52725F8E1A8732EB0012D191 /* Info.plist */,
			);
			name = "Supporting Files";
			sourceTree = "<group>";
		};
		52725FA51A8732EB0012D191 /* MomentTests */ = {
			isa = PBXGroup;
			children = (
				52725FA81A8732EB0012D191 /* MomentTests.swift */,
				52725FA61A8732EB0012D191 /* Supporting Files */,
			);
			path = MomentTests;
			sourceTree = "<group>";
		};
		52725FA61A8732EB0012D191 /* Supporting Files */ = {
			isa = PBXGroup;
			children = (
				52725FA71A8732EB0012D191 /* Info.plist */,
			);
			name = "Supporting Files";
			sourceTree = "<group>";
		};
		A97BFD5E448EC9F5BB26B174 /* Pods */ = {
			isa = PBXGroup;
			children = (
				7101FFB2EBE680D6FB1A9A77 /* Pods.debug.xcconfig */,
				F79DA7E531BAF48CD51A732D /* Pods.release.xcconfig */,
			);
			name = Pods;
			sourceTree = "<group>";
		};
		D5E7255D877384EC97F2A885 /* Frameworks */ = {
			isa = PBXGroup;
			children = (
				5289F5D51A874E96005EAA64 /* FFmpeg.framework */,
				92685069D78F6325C15CE910 /* libPods.a */,
			);
			name = Frameworks;
			sourceTree = "<group>";
		};
/* End PBXGroup section */

/* Begin PBXNativeTarget section */
		52725F891A8732EB0012D191 /* Moment */ = {
			isa = PBXNativeTarget;
			buildConfigurationList = 52725FAC1A8732EB0012D191 /* Build configuration list for PBXNativeTarget "Moment" */;
			buildPhases = (
				8541B7F9831A4743BCB575D6 /* Check Pods Manifest.lock */,
				52725F861A8732EB0012D191 /* Sources */,
				52725F871A8732EB0012D191 /* Frameworks */,
				52725F881A8732EB0012D191 /* Resources */,
				086595A3A20380F4BFF4634E /* Copy Pods Resources */,
			);
			buildRules = (
			);
			dependencies = (
			);
			name = Moment;
			productName = Moment;
			productReference = 52725F8A1A8732EB0012D191 /* Moment.app */;
			productType = "com.apple.product-type.application";
		};
		52725FA11A8732EB0012D191 /* MomentTests */ = {
			isa = PBXNativeTarget;
			buildConfigurationList = 52725FAF1A8732EB0012D191 /* Build configuration list for PBXNativeTarget "MomentTests" */;
			buildPhases = (
				52725F9E1A8732EB0012D191 /* Sources */,
				52725F9F1A8732EB0012D191 /* Frameworks */,
				52725FA01A8732EB0012D191 /* Resources */,
			);
			buildRules = (
			);
			dependencies = (
				52725FA41A8732EB0012D191 /* PBXTargetDependency */,
			);
			name = MomentTests;
			productName = MomentTests;
			productReference = 52725FA21A8732EB0012D191 /* MomentTests.xctest */;
			productType = "com.apple.product-type.bundle.unit-test";
		};
/* End PBXNativeTarget section */

/* Begin PBXProject section */
		52725F821A8732EB0012D191 /* Project object */ = {
			isa = PBXProject;
			attributes = {
				LastUpgradeCheck = 0610;
				ORGANIZATIONNAME = "Parker Tech";
				TargetAttributes = {
					52725F891A8732EB0012D191 = {
						CreatedOnToolsVersion = 6.1.1;
					};
					52725FA11A8732EB0012D191 = {
						CreatedOnToolsVersion = 6.1.1;
						TestTargetID = 52725F891A8732EB0012D191;
					};
				};
			};
			buildConfigurationList = 52725F851A8732EB0012D191 /* Build configuration list for PBXProject "Moment" */;
			compatibilityVersion = "Xcode 3.2";
			developmentRegion = English;
			hasScannedForEncodings = 0;
			knownRegions = (
				en,
				Base,
			);
			mainGroup = 52725F811A8732EB0012D191;
			productRefGroup = 52725F8B1A8732EB0012D191 /* Products */;
			projectDirPath = "";
			projectRoot = "";
			targets = (
				52725F891A8732EB0012D191 /* Moment */,
				52725FA11A8732EB0012D191 /* MomentTests */,
			);
		};
/* End PBXProject section */

/* Begin PBXResourcesBuildPhase section */
		52725F881A8732EB0012D191 /* Resources */ = {
			isa = PBXResourcesBuildPhase;
			buildActionMask = 2147483647;
			files = (
				52725F9A1A8732EB0012D191 /* Images.xcassets in Resources */,
			);
			runOnlyForDeploymentPostprocessing = 0;
		};
		52725FA01A8732EB0012D191 /* Resources */ = {
			isa = PBXResourcesBuildPhase;
			buildActionMask = 2147483647;
			files = (
			);
			runOnlyForDeploymentPostprocessing = 0;
		};
/* End PBXResourcesBuildPhase section */

/* Begin PBXShellScriptBuildPhase section */
		086595A3A20380F4BFF4634E /* Copy Pods Resources */ = {
			isa = PBXShellScriptBuildPhase;
			buildActionMask = 2147483647;
			files = (
			);
			inputPaths = (
			);
			name = "Copy Pods Resources";
			outputPaths = (
			);
			runOnlyForDeploymentPostprocessing = 0;
			shellPath = /bin/sh;
			shellScript = "\"${SRCROOT}/Pods/Target Support Files/Pods/Pods-resources.sh\"\n";
			showEnvVarsInLog = 0;
		};
		8541B7F9831A4743BCB575D6 /* Check Pods Manifest.lock */ = {
			isa = PBXShellScriptBuildPhase;
			buildActionMask = 2147483647;
			files = (
			);
			inputPaths = (
			);
			name = "Check Pods Manifest.lock";
			outputPaths = (
			);
			runOnlyForDeploymentPostprocessing = 0;
			shellPath = /bin/sh;
			shellScript = "diff \"${PODS_ROOT}/../Podfile.lock\" \"${PODS_ROOT}/Manifest.lock\" > /dev/null\nif [[ $? != 0 ]] ; then\n    cat << EOM\nerror: The sandbox is not in sync with the Podfile.lock. Run 'pod install' or update your CocoaPods installation.\nEOM\n    exit 1\nfi\n";
			showEnvVarsInLog = 0;
		};
/* End PBXShellScriptBuildPhase section */

/* Begin PBXSourcesBuildPhase section */
		52725F861A8732EB0012D191 /* Sources */ = {
			isa = PBXSourcesBuildPhase;
			buildActionMask = 2147483647;
			files = (
				52725F901A8732EB0012D191 /* AppDelegate.swift in Sources */,
				52725F931A8732EB0012D191 /* Moment.xcdatamodeld in Sources */,
				52A4BA871A87397500BD1957 /* Moments.swift in Sources */,
			);
			runOnlyForDeploymentPostprocessing = 0;
		};
		52725F9E1A8732EB0012D191 /* Sources */ = {
			isa = PBXSourcesBuildPhase;
			buildActionMask = 2147483647;
			files = (
				52725FA91A8732EB0012D191 /* MomentTests.swift in Sources */,
			);
			runOnlyForDeploymentPostprocessing = 0;
		};
/* End PBXSourcesBuildPhase section */

/* Begin PBXTargetDependency section */
		52725FA41A8732EB0012D191 /* PBXTargetDependency */ = {
			isa = PBXTargetDependency;
			target = 52725F891A8732EB0012D191 /* Moment */;
			targetProxy = 52725FA31A8732EB0012D191 /* PBXContainerItemProxy */;
		};
/* End PBXTargetDependency section */

/* Begin XCBuildConfiguration section */
		52725FAA1A8732EB0012D191 /* Debug */ = {
			isa = XCBuildConfiguration;
			buildSettings = {
				ALWAYS_SEARCH_USER_PATHS = NO;
				CLANG_CXX_LANGUAGE_STANDARD = "gnu++0x";
				CLANG_CXX_LIBRARY = "libc++";
				CLANG_ENABLE_MODULES = YES;
				CLANG_ENABLE_OBJC_ARC = YES;
				CLANG_WARN_BOOL_CONVERSION = YES;
				CLANG_WARN_CONSTANT_CONVERSION = YES;
				CLANG_WARN_DIRECT_OBJC_ISA_USAGE = YES_ERROR;
				CLANG_WARN_EMPTY_BODY = YES;
				CLANG_WARN_ENUM_CONVERSION = YES;
				CLANG_WARN_INT_CONVERSION = YES;
				CLANG_WARN_OBJC_ROOT_CLASS = YES_ERROR;
				CLANG_WARN_UNREACHABLE_CODE = YES;
				CLANG_WARN__DUPLICATE_METHOD_MATCH = YES;
				"CODE_SIGN_IDENTITY[sdk=iphoneos*]" = "iPhone Developer";
				COPY_PHASE_STRIP = NO;
				ENABLE_STRICT_OBJC_MSGSEND = YES;
				GCC_C_LANGUAGE_STANDARD = gnu99;
				GCC_DYNAMIC_NO_PIC = NO;
				GCC_OPTIMIZATION_LEVEL = 0;
				GCC_PREPROCESSOR_DEFINITIONS = (
					"DEBUG=1",
					"$(inherited)",
				);
				GCC_SYMBOLS_PRIVATE_EXTERN = NO;
				GCC_WARN_64_TO_32_BIT_CONVERSION = YES;
				GCC_WARN_ABOUT_RETURN_TYPE = YES_ERROR;
				GCC_WARN_UNDECLARED_SELECTOR = YES;
				GCC_WARN_UNINITIALIZED_AUTOS = YES_AGGRESSIVE;
				GCC_WARN_UNUSED_FUNCTION = YES;
				GCC_WARN_UNUSED_VARIABLE = YES;
				IPHONEOS_DEPLOYMENT_TARGET = 8.1;
				MTL_ENABLE_DEBUG_INFO = YES;
				ONLY_ACTIVE_ARCH = YES;
				SDKROOT = iphoneos;
				SWIFT_OPTIMIZATION_LEVEL = "-Onone";
				TARGETED_DEVICE_FAMILY = "1,2";
			};
			name = Debug;
		};
		52725FAB1A8732EB0012D191 /* Release */ = {
			isa = XCBuildConfiguration;
			buildSettings = {
				ALWAYS_SEARCH_USER_PATHS = NO;
				CLANG_CXX_LANGUAGE_STANDARD = "gnu++0x";
				CLANG_CXX_LIBRARY = "libc++";
				CLANG_ENABLE_MODULES = YES;
				CLANG_ENABLE_OBJC_ARC = YES;
				CLANG_WARN_BOOL_CONVERSION = YES;
				CLANG_WARN_CONSTANT_CONVERSION = YES;
				CLANG_WARN_DIRECT_OBJC_ISA_USAGE = YES_ERROR;
				CLANG_WARN_EMPTY_BODY = YES;
				CLANG_WARN_ENUM_CONVERSION = YES;
				CLANG_WARN_INT_CONVERSION = YES;
				CLANG_WARN_OBJC_ROOT_CLASS = YES_ERROR;
				CLANG_WARN_UNREACHABLE_CODE = YES;
				CLANG_WARN__DUPLICATE_METHOD_MATCH = YES;
				"CODE_SIGN_IDENTITY[sdk=iphoneos*]" = "iPhone Developer";
				COPY_PHASE_STRIP = YES;
				ENABLE_NS_ASSERTIONS = NO;
				ENABLE_STRICT_OBJC_MSGSEND = YES;
				GCC_C_LANGUAGE_STANDARD = gnu99;
				GCC_WARN_64_TO_32_BIT_CONVERSION = YES;
				GCC_WARN_ABOUT_RETURN_TYPE = YES_ERROR;
				GCC_WARN_UNDECLARED_SELECTOR = YES;
				GCC_WARN_UNINITIALIZED_AUTOS = YES_AGGRESSIVE;
				GCC_WARN_UNUSED_FUNCTION = YES;
				GCC_WARN_UNUSED_VARIABLE = YES;
				IPHONEOS_DEPLOYMENT_TARGET = 8.1;
				MTL_ENABLE_DEBUG_INFO = NO;
				SDKROOT = iphoneos;
				TARGETED_DEVICE_FAMILY = "1,2";
				VALIDATE_PRODUCT = YES;
			};
			name = Release;
		};
		52725FAD1A8732EB0012D191 /* Debug */ = {
			isa = XCBuildConfiguration;
			baseConfigurationReference = 7101FFB2EBE680D6FB1A9A77 /* Pods.debug.xcconfig */;
			buildSettings = {
				ASSETCATALOG_COMPILER_APPICON_NAME = AppIcon;
				ASSETCATALOG_COMPILER_LAUNCHIMAGE_NAME = LaunchImage;
				FRAMEWORK_SEARCH_PATHS = (
					"$(inherited)",
					"$(PROJECT_DIR)/Pods/build/Debug-iphoneos/Pods",
				);
				INFOPLIST_FILE = Moment/Info.plist;
				LD_RUNPATH_SEARCH_PATHS = "$(inherited) @executable_path/Frameworks";
				PRODUCT_NAME = "$(TARGET_NAME)";
				SWIFT_OBJC_BRIDGING_HEADER = ./Moment/Bridge.h;
			};
			name = Debug;
		};
		52725FAE1A8732EB0012D191 /* Release */ = {
			isa = XCBuildConfiguration;
			baseConfigurationReference = F79DA7E531BAF48CD51A732D /* Pods.release.xcconfig */;
			buildSettings = {
				ASSETCATALOG_COMPILER_APPICON_NAME = AppIcon;
				ASSETCATALOG_COMPILER_LAUNCHIMAGE_NAME = LaunchImage;
				FRAMEWORK_SEARCH_PATHS = (
					"$(inherited)",
					"$(PROJECT_DIR)/Pods/build/Debug-iphoneos/Pods",
				);
				INFOPLIST_FILE = Moment/Info.plist;
				LD_RUNPATH_SEARCH_PATHS = "$(inherited) @executable_path/Frameworks";
				PRODUCT_NAME = "$(TARGET_NAME)";
				SWIFT_OBJC_BRIDGING_HEADER = ./Moment/Bridge.h;
			};
			name = Release;
		};
		52725FB01A8732EB0012D191 /* Debug */ = {
			isa = XCBuildConfiguration;
			buildSettings = {
				BUNDLE_LOADER = "$(TEST_HOST)";
				FRAMEWORK_SEARCH_PATHS = (
					"$(SDKROOT)/Developer/Library/Frameworks",
					"$(inherited)",
				);
				GCC_PREPROCESSOR_DEFINITIONS = (
					"DEBUG=1",
					"$(inherited)",
				);
				INFOPLIST_FILE = MomentTests/Info.plist;
				LD_RUNPATH_SEARCH_PATHS = "$(inherited) @executable_path/Frameworks @loader_path/Frameworks";
				PRODUCT_NAME = "$(TARGET_NAME)";
				TEST_HOST = "$(BUILT_PRODUCTS_DIR)/Moment.app/Moment";
			};
			name = Debug;
		};
		52725FB11A8732EB0012D191 /* Release */ = {
			isa = XCBuildConfiguration;
			buildSettings = {
				BUNDLE_LOADER = "$(TEST_HOST)";
				FRAMEWORK_SEARCH_PATHS = (
					"$(SDKROOT)/Developer/Library/Frameworks",
					"$(inherited)",
				);
				INFOPLIST_FILE = MomentTests/Info.plist;
				LD_RUNPATH_SEARCH_PATHS = "$(inherited) @executable_path/Frameworks @loader_path/Frameworks";
				PRODUCT_NAME = "$(TARGET_NAME)";
				TEST_HOST = "$(BUILT_PRODUCTS_DIR)/Moment.app/Moment";
			};
			name = Release;
		};
/* End XCBuildConfiguration section */

/* Begin XCConfigurationList section */
		52725F851A8732EB0012D191 /* Build configuration list for PBXProject "Moment" */ = {
			isa = XCConfigurationList;
			buildConfigurations = (
				52725FAA1A8732EB0012D191 /* Debug */,
				52725FAB1A8732EB0012D191 /* Release */,
			);
			defaultConfigurationIsVisible = 0;
			defaultConfigurationName = Release;
		};
		52725FAC1A8732EB0012D191 /* Build configuration list for PBXNativeTarget "Moment" */ = {
			isa = XCConfigurationList;
			buildConfigurations = (
				52725FAD1A8732EB0012D191 /* Debug */,
				52725FAE1A8732EB0012D191 /* Release */,
			);
			defaultConfigurationIsVisible = 0;
			defaultConfigurationName = Release;
		};
		52725FAF1A8732EB0012D191 /* Build configuration list for PBXNativeTarget "MomentTests" */ = {
			isa = XCConfigurationList;
			buildConfigurations = (
				52725FB01A8732EB0012D191 /* Debug */,
				52725FB11A8732EB0012D191 /* Release */,
			);
			defaultConfigurationIsVisible = 0;
			defaultConfigurationName = Release;
		};
/* End XCConfigurationList section */

/* Begin XCVersionGroup section */
		52725F911A8732EB0012D191 /* Moment.xcdatamodeld */ = {
			isa = XCVersionGroup;
			children = (
				52725F921A8732EB0012D191 /* Moment.xcdatamodel */,
			);
			currentVersion = 52725F921A8732EB0012D191 /* Moment.xcdatamodel */;
			path = Moment.xcdatamodeld;
			sourceTree = "<group>";
			versionGroupType = wrapper.xcdatamodel;
		};
/* End XCVersionGroup section */
	};
	rootObject = 52725F821A8732EB0012D191 /* Project object */;
}
